// !$*UTF8*$!
{
	archiveVersion = 1;
	classes = {
	};
	objectVersion = 50;
	objects = {

/* Begin PBXBuildFile section */
		8A845A3B2564297F0081EE9E /* AppDelegate.swift in Sources */ = {isa = PBXBuildFile; fileRef = 8A845A3A2564297F0081EE9E /* AppDelegate.swift */; };
		8A845A3D2564297F0081EE9E /* GameScene.sks in Resources */ = {isa = PBXBuildFile; fileRef = 8A845A3C2564297F0081EE9E /* GameScene.sks */; };
		8A845A3F2564297F0081EE9E /* Actions.sks in Resources */ = {isa = PBXBuildFile; fileRef = 8A845A3E2564297F0081EE9E /* Actions.sks */; };
		8A845A412564297F0081EE9E /* GameScene.swift in Sources */ = {isa = PBXBuildFile; fileRef = 8A845A402564297F0081EE9E /* GameScene.swift */; };
		8A845A432564297F0081EE9E /* ViewController.swift in Sources */ = {isa = PBXBuildFile; fileRef = 8A845A422564297F0081EE9E /* ViewController.swift */; };
		8A845A45256429830081EE9E /* Assets.xcassets in Resources */ = {isa = PBXBuildFile; fileRef = 8A845A44256429830081EE9E /* Assets.xcassets */; };
		8A845A48256429830081EE9E /* Main.storyboard in Resources */ = {isa = PBXBuildFile; fileRef = 8A845A46256429830081EE9E /* Main.storyboard */; };
/* End PBXBuildFile section */

/* Begin PBXFileReference section */
		8A845A372564297F0081EE9E /* V DestriyTheMoon.app */ = {isa = PBXFileReference; explicitFileType = wrapper.application; includeInIndex = 0; path = "V DestriyTheMoon.app"; sourceTree = BUILT_PRODUCTS_DIR; };
		8A845A3A2564297F0081EE9E /* AppDelegate.swift */ = {isa = PBXFileReference; lastKnownFileType = sourcecode.swift; path = AppDelegate.swift; sourceTree = "<group>"; };
		8A845A3C2564297F0081EE9E /* GameScene.sks */ = {isa = PBXFileReference; lastKnownFileType = file.sks; path = GameScene.sks; sourceTree = "<group>"; };
		8A845A3E2564297F0081EE9E /* Actions.sks */ = {isa = PBXFileReference; lastKnownFileType = file.sks; path = Actions.sks; sourceTree = "<group>"; };
		8A845A402564297F0081EE9E /* GameScene.swift */ = {isa = PBXFileReference; lastKnownFileType = sourcecode.swift; path = GameScene.swift; sourceTree = "<group>"; };
		8A845A422564297F0081EE9E /* ViewController.swift */ = {isa = PBXFileReference; lastKnownFileType = sourcecode.swift; path = ViewController.swift; sourceTree = "<group>"; };
		8A845A44256429830081EE9E /* Assets.xcassets */ = {isa = PBXFileReference; lastKnownFileType = folder.assetcatalog; path = Assets.xcassets; sourceTree = "<group>"; };
		8A845A47256429830081EE9E /* Base */ = {isa = PBXFileReference; lastKnownFileType = file.storyboard; name = Base; path = Base.lproj/Main.storyboard; sourceTree = "<group>"; };
		8A845A49256429830081EE9E /* Info.plist */ = {isa = PBXFileReference; lastKnownFileType = text.plist.xml; path = Info.plist; sourceTree = "<group>"; };
		8A845A4A256429830081EE9E /* V_DestriyTheMoon.entitlements */ = {isa = PBXFileReference; lastKnownFileType = text.plist.entitlements; path = V_DestriyTheMoon.entitlements; sourceTree = "<group>"; };
/* End PBXFileReference section */

/* Begin PBXFrameworksBuildPhase section */
		8A845A342564297F0081EE9E /* Frameworks */ = {
			isa = PBXFrameworksBuildPhase;
			buildActionMask = 2147483647;
			files = (
			);
			runOnlyForDeploymentPostprocessing = 0;
		};
/* End PBXFrameworksBuildPhase section */

/* Begin PBXGroup section */
		8A845A2E2564297F0081EE9E = {
			isa = PBXGroup;
			children = (
				8A845A392564297F0081EE9E /* V DestriyTheMoon */,
				8A845A382564297F0081EE9E /* Products */,
			);
			sourceTree = "<group>";
		};
		8A845A382564297F0081EE9E /* Products */ = {
			isa = PBXGroup;
			children = (
				8A845A372564297F0081EE9E /* V DestriyTheMoon.app */,
			);
			name = Products;
			sourceTree = "<group>";
		};
		8A845A392564297F0081EE9E /* V DestriyTheMoon */ = {
			isa = PBXGroup;
			children = (
				8A845A3A2564297F0081EE9E /* AppDelegate.swift */,
				8A845A3C2564297F0081EE9E /* GameScene.sks */,
				8A845A3E2564297F0081EE9E /* Actions.sks */,
				8A845A402564297F0081EE9E /* GameScene.swift */,
				8A845A422564297F0081EE9E /* ViewController.swift */,
				8A845A44256429830081EE9E /* Assets.xcassets */,
				8A845A46256429830081EE9E /* Main.storyboard */,
				8A845A49256429830081EE9E /* Info.plist */,
				8A845A4A256429830081EE9E /* V_DestriyTheMoon.entitlements */,
			);
			path = "V DestriyTheMoon";
			sourceTree = "<group>";
		};
/* End PBXGroup section */

/* Begin PBXNativeTarget section */
		8A845A362564297F0081EE9E /* V DestriyTheMoon */ = {
			isa = PBXNativeTarget;
			buildConfigurationList = 8A845A4D256429830081EE9E /* Build configuration list for PBXNativeTarget "V DestriyTheMoon" */;
			buildPhases = (
				8A845A332564297F0081EE9E /* Sources */,
				8A845A342564297F0081EE9E /* Frameworks */,
				8A845A352564297F0081EE9E /* Resources */,
			);
			buildRules = (
			);
			dependencies = (
			);
			name = "V DestriyTheMoon";
			productName = "V DestriyTheMoon";
			productReference = 8A845A372564297F0081EE9E /* V DestriyTheMoon.app */;
			productType = "com.apple.product-type.application";
		};
/* End PBXNativeTarget section */

/* Begin PBXProject section */
		8A845A2F2564297F0081EE9E /* Project object */ = {
			isa = PBXProject;
			attributes = {
				LastSwiftUpdateCheck = 1220;
				LastUpgradeCheck = 1220;
				TargetAttributes = {
					8A845A362564297F0081EE9E = {
						CreatedOnToolsVersion = 12.2;
					};
				};
			};
			buildConfigurationList = 8A845A322564297F0081EE9E /* Build configuration list for PBXProject "V DestriyTheMoon" */;
			compatibilityVersion = "Xcode 9.3";
			developmentRegion = en;
			hasScannedForEncodings = 0;
			knownRegions = (
				en,
				Base,
			);
			mainGroup = 8A845A2E2564297F0081EE9E;
			productRefGroup = 8A845A382564297F0081EE9E /* Products */;
			projectDirPath = "";
			projectRoot = "";
			targets = (
				8A845A362564297F0081EE9E /* V DestriyTheMoon */,
			);
		};
/* End PBXProject section */

/* Begin PBXResourcesBuildPhase section */
		8A845A352564297F0081EE9E /* Resources */ = {
			isa = PBXResourcesBuildPhase;
			buildActionMask = 2147483647;
			files = (
				8A845A3D2564297F0081EE9E /* GameScene.sks in Resources */,
				8A845A45256429830081EE9E /* Assets.xcassets in Resources */,
				8A845A3F2564297F0081EE9E /* Actions.sks in Resources */,
				8A845A48256429830081EE9E /* Main.storyboard in Resources */,
			);
			runOnlyForDeploymentPostprocessing = 0;
		};
/* End PBXResourcesBuildPhase section */

/* Begin PBXSourcesBuildPhase section */
		8A845A332564297F0081EE9E /* Sources */ = {
			isa = PBXSourcesBuildPhase;
			buildActionMask = 2147483647;
			files = (
				8A845A432564297F0081EE9E /* ViewController.swift in Sources */,
				8A845A412564297F0081EE9E /* GameScene.swift in Sources */,
				8A845A3B2564297F0081EE9E /* AppDelegate.swift in Sources */,
			);
			runOnlyForDeploymentPostprocessing = 0;
		};
/* End PBXSourcesBuildPhase section */

/* Begin PBXVariantGroup section */
		8A845A46256429830081EE9E /* Main.storyboard */ = {
			isa = PBXVariantGroup;
			children = (
				8A845A47256429830081EE9E /* Base */,
			);
			name = Main.storyboard;
			sourceTree = "<group>";
		};
/* End PBXVariantGroup section */

/* Begin XCBuildConfiguration section */
		8A845A4B256429830081EE9E /* Debug */ = {
			isa = XCBuildConfiguration;
			buildSettings = {
				ALWAYS_SEARCH_USER_PATHS = NO;
				CLANG_ANALYZER_NONNULL = YES;
				CLANG_ANALYZER_NUMBER_OBJECT_CONVERSION = YES_AGGRESSIVE;
				CLANG_CXX_LANGUAGE_STANDARD = "gnu++14";
				CLANG_CXX_LIBRARY = "libc++";
				CLANG_ENABLE_MODULES = YES;
				CLANG_ENABLE_OBJC_ARC = YES;
				CLANG_ENABLE_OBJC_WEAK = YES;
				CLANG_WARN_BLOCK_CAPTURE_AUTORELEASING = YES;
				CLANG_WARN_BOOL_CONVERSION = YES;
				CLANG_WARN_COMMA = YES;
				CLANG_WARN_CONSTANT_CONVERSION = YES;
				CLANG_WARN_DEPRECATED_OBJC_IMPLEMENTATIONS = YES;
				CLANG_WARN_DIRECT_OBJC_ISA_USAGE = YES_ERROR;
				CLANG_WARN_DOCUMENTATION_COMMENTS = YES;
				CLANG_WARN_EMPTY_BODY = YES;
				CLANG_WARN_ENUM_CONVERSION = YES;
				CLANG_WARN_INFINITE_RECURSION = YES;
				CLANG_WARN_INT_CONVERSION = YES;
				CLANG_WARN_NON_LITERAL_NULL_CONVERSION = YES;
				CLANG_WARN_OBJC_IMPLICIT_RETAIN_SELF = YES;
				CLANG_WARN_OBJC_LITERAL_CONVERSION = YES;
				CLANG_WARN_OBJC_ROOT_CLASS = YES_ERROR;
				CLANG_WARN_QUOTED_INCLUDE_IN_FRAMEWORK_HEADER = YES;
				CLANG_WARN_RANGE_LOOP_ANALYSIS = YES;
				CLANG_WARN_STRICT_PROTOTYPES = YES;
				CLANG_WARN_SUSPICIOUS_MOVE = YES;
				CLANG_WARN_UNGUARDED_AVAILABILITY = YES_AGGRESSIVE;
				CLANG_WARN_UNREACHABLE_CODE = YES;
				CLANG_WARN__DUPLICATE_METHOD_MATCH = YES;
				COPY_PHASE_STRIP = NO;
				DEBUG_INFORMATION_FORMAT = dwarf;
				ENABLE_STRICT_OBJC_MSGSEND = YES;
				ENABLE_TESTABILITY = YES;
				GCC_C_LANGUAGE_STANDARD = gnu11;
				GCC_DYNAMIC_NO_PIC = NO;
				GCC_NO_COMMON_BLOCKS = YES;
				GCC_OPTIMIZATION_LEVEL = 0;
				GCC_PREPROCESSOR_DEFINITIONS = (
					"DEBUG=1",
					"$(inherited)",
				);
				GCC_WARN_64_TO_32_BIT_CONVERSION = YES;
				GCC_WARN_ABOUT_RETURN_TYPE = YES_ERROR;
				GCC_WARN_UNDECLARED_SELECTOR = YES;
				GCC_WARN_UNINITIALIZED_AUTOS = YES_AGGRESSIVE;
				GCC_WARN_UNUSED_FUNCTION = YES;
				GCC_WARN_UNUSED_VARIABLE = YES;
				MACOSX_DEPLOYMENT_TARGET = 11.0;
				MTL_ENABLE_DEBUG_INFO = INCLUDE_SOURCE;
				MTL_FAST_MATH = YES;
				ONLY_ACTIVE_ARCH = YES;
				SDKROOT = macosx;
				SWIFT_ACTIVE_COMPILATION_CONDITIONS = DEBUG;
				SWIFT_OPTIMIZATION_LEVEL = "-Onone";
			};
			name = Debug;
		};
		8A845A4C256429830081EE9E /* Release */ = {
			isa = XCBuildConfiguration;
			buildSettings = {
				ALWAYS_SEARCH_USER_PATHS = NO;
				CLANG_ANALYZER_NONNULL = YES;
				CLANG_ANALYZER_NUMBER_OBJECT_CONVERSION = YES_AGGRESSIVE;
				CLANG_CXX_LANGUAGE_STANDARD = "gnu++14";
				CLANG_CXX_LIBRARY = "libc++";
				CLANG_ENABLE_MODULES = YES;
				CLANG_ENABLE_OBJC_ARC = YES;
				CLANG_ENABLE_OBJC_WEAK = YES;
				CLANG_WARN_BLOCK_CAPTURE_AUTORELEASING = YES;
				CLANG_WARN_BOOL_CONVERSION = YES;
				CLANG_WARN_COMMA = YES;
				CLANG_WARN_CONSTANT_CONVERSION = YES;
				CLANG_WARN_DEPRECATED_OBJC_IMPLEMENTATIONS = YES;
				CLANG_WARN_DIRECT_OBJC_ISA_USAGE = YES_ERROR;
				CLANG_WARN_DOCUMENTATION_COMMENTS = YES;
				CLANG_WARN_EMPTY_BODY = YES;
				CLANG_WARN_ENUM_CONVERSION = YES;
				CLANG_WARN_INFINITE_RECURSION = YES;
				CLANG_WARN_INT_CONVERSION = YES;
				CLANG_WARN_NON_LITERAL_NULL_CONVERSION = YES;
				CLANG_WARN_OBJC_IMPLICIT_RETAIN_SELF = YES;
				CLANG_WARN_OBJC_LITERAL_CONVERSION = YES;
				CLANG_WARN_OBJC_ROOT_CLASS = YES_ERROR;
				CLANG_WARN_QUOTED_INCLUDE_IN_FRAMEWORK_HEADER = YES;
				CLANG_WARN_RANGE_LOOP_ANALYSIS = YES;
				CLANG_WARN_STRICT_PROTOTYPES = YES;
				CLANG_WARN_SUSPICIOUS_MOVE = YES;
				CLANG_WARN_UNGUARDED_AVAILABILITY = YES_AGGRESSIVE;
				CLANG_WARN_UNREACHABLE_CODE = YES;
				CLANG_WARN__DUPLICATE_METHOD_MATCH = YES;
				COPY_PHASE_STRIP = NO;
				DEBUG_INFORMATION_FORMAT = "dwarf-with-dsym";
				ENABLE_NS_ASSERTIONS = NO;
				ENABLE_STRICT_OBJC_MSGSEND = YES;
				GCC_C_LANGUAGE_STANDARD = gnu11;
				GCC_NO_COMMON_BLOCKS = YES;
				GCC_WARN_64_TO_32_BIT_CONVERSION = YES;
				GCC_WARN_ABOUT_RETURN_TYPE = YES_ERROR;
				GCC_WARN_UNDECLARED_SELECTOR = YES;
				GCC_WARN_UNINITIALIZED_AUTOS = YES_AGGRESSIVE;
				GCC_WARN_UNUSED_FUNCTION = YES;
				GCC_WARN_UNUSED_VARIABLE = YES;
				MACOSX_DEPLOYMENT_TARGET = 11.0;
				MTL_ENABLE_DEBUG_INFO = NO;
				MTL_FAST_MATH = YES;
				SDKROOT = macosx;
				SWIFT_COMPILATION_MODE = wholemodule;
				SWIFT_OPTIMIZATION_LEVEL = "-O";
			};
			name = Release;
		};
		8A845A4E256429830081EE9E /* Debug */ = {
			isa = XCBuildConfiguration;
			buildSettings = {
				ASSETCATALOG_COMPILER_APPICON_NAME = AppIcon;
				ASSETCATALOG_COMPILER_GLOBAL_ACCENT_COLOR_NAME = AccentColor;
				CODE_SIGN_ENTITLEMENTS = "V DestriyTheMoon/V_DestriyTheMoon.entitlements";
				CODE_SIGN_STYLE = Automatic;
				COMBINE_HIDPI_IMAGES = YES;
				DEVELOPMENT_TEAM = AD69727D4V;
				ENABLE_HARDENED_RUNTIME = YES;
				INFOPLIST_FILE = "V DestriyTheMoon/Info.plist";
				LD_RUNPATH_SEARCH_PATHS = (
					"$(inherited)",
					"@executable_path/../Frameworks",
				);
				PRODUCT_BUNDLE_IDENTIFIER = "MG.V-DestriyTheMoon";
				PRODUCT_NAME = "$(TARGET_NAME)";
				SWIFT_VERSION = 5.0;
			};
			name = Debug;
		};
		8A845A4F256429830081EE9E /* Release */ = {
			isa = XCBuildConfiguration;
			buildSettings = {
				ASSETCATALOG_COMPILER_APPICON_NAME = AppIcon;
				ASSETCATALOG_COMPILER_GLOBAL_ACCENT_COLOR_NAME = AccentColor;
				CODE_SIGN_ENTITLEMENTS = "V DestriyTheMoon/V_DestriyTheMoon.entitlements";
				CODE_SIGN_STYLE = Automatic;
				COMBINE_HIDPI_IMAGES = YES;
				DEVELOPMENT_TEAM = AD69727D4V;
				ENABLE_HARDENED_RUNTIME = YES;
				INFOPLIST_FILE = "V DestriyTheMoon/Info.plist";
				LD_RUNPATH_SEARCH_PATHS = (
					"$(inherited)",
					"@executable_path/../Frameworks",
				);
				PRODUCT_BUNDLE_IDENTIFIER = "MG.V-DestriyTheMoon";
				PRODUCT_NAME = "$(TARGET_NAME)";
				SWIFT_VERSION = 5.0;
			};
			name = Release;
		};
/* End XCBuildConfiguration section */

/* Begin XCConfigurationList section */
		8A845A322564297F0081EE9E /* Build configuration list for PBXProject "V DestriyTheMoon" */ = {
			isa = XCConfigurationList;
			buildConfigurations = (
				8A845A4B256429830081EE9E /* Debug */,
				8A845A4C256429830081EE9E /* Release */,
			);
			defaultConfigurationIsVisible = 0;
			defaultConfigurationName = Release;
		};
		8A845A4D256429830081EE9E /* Build configuration list for PBXNativeTarget "V DestriyTheMoon" */ = {
			isa = XCConfigurationList;
			buildConfigurations = (
				8A845A4E256429830081EE9E /* Debug */,
				8A845A4F256429830081EE9E /* Release */,
			);
			defaultConfigurationIsVisible = 0;
			defaultConfigurationName = Release;
		};
/* End XCConfigurationList section */
	};
	rootObject = 8A845A2F2564297F0081EE9E /* Project object */;
}
